
Microsoft Visual Studio Solution File, Format Version 12.00
# Visual Studio Version 17
VisualStudioVersion = 17.7.34202.233
MinimumVisualStudioVersion = 10.0.40219.1
Project("{888888A0-9F3D-457C-B088-3A5042F75D52}") = "המרות בינאריות", "המרות בינאריות.pyproj", "{F6600475-4D75-49E5-8232-FF53217B6F41}"
EndProject
Global
	GlobalSection(SolutionConfigurationPlatforms) = preSolution
		Debug|Any CPU = Debug|Any CPU
		Release|Any CPU = Release|Any CPU
	EndGlobalSection
	GlobalSection(ProjectConfigurationPlatforms) = postSolution
		{F6600475-4D75-49E5-8232-FF53217B6F41}.Debug|Any CPU.ActiveCfg = Debug|Any CPU
		{F6600475-4D75-49E5-8232-FF53217B6F41}.Release|Any CPU.ActiveCfg = Release|Any CPU
	EndGlobalSection
	GlobalSection(SolutionProperties) = preSolution
		HideSolutionNode = FALSE
	EndGlobalSection
	GlobalSection(ExtensibilityGlobals) = postSolution
		SolutionGuid = {7E1D754F-E386-420C-BFC9-9A5ED30E3623}
	EndGlobalSection
EndGlobal
